
Microsoft Visual Studio Solution File, Format Version 12.00
# Visual Studio Version 17
VisualStudioVersion = 17.7.34221.43
MinimumVisualStudioVersion = 10.0.40219.1
Project("{8BC9CEB8-8B4A-11D0-8D11-00A0C91BC942}") = "2.5", "2.5\2.5.vcxproj", "{C91F7AB8-5B0B-4861-B8CA-AFC0D27C49EA}"
EndProject
Project("{8BC9CEB8-8B4A-11D0-8D11-00A0C91BC942}") = "UnitTest2.5", "UnitTest2.5\UnitTest2.5.vcxproj", "{6147D77D-3DAE-4E11-BD73-153146232D27}"
EndProject
Global
	GlobalSection(SolutionConfigurationPlatforms) = preSolution
		Debug|x64 = Debug|x64
		Debug|x86 = Debug|x86
		Release|x64 = Release|x64
		Release|x86 = Release|x86
	EndGlobalSection
	GlobalSection(ProjectConfigurationPlatforms) = postSolution
		{C91F7AB8-5B0B-4861-B8CA-AFC0D27C49EA}.Debug|x64.ActiveCfg = Debug|x64
		{C91F7AB8-5B0B-4861-B8CA-AFC0D27C49EA}.Debug|x64.Build.0 = Debug|x64
		{C91F7AB8-5B0B-4861-B8CA-AFC0D27C49EA}.Debug|x86.ActiveCfg = Debug|Win32
		{C91F7AB8-5B0B-4861-B8CA-AFC0D27C49EA}.Debug|x86.Build.0 = Debug|Win32
		{C91F7AB8-5B0B-4861-B8CA-AFC0D27C49EA}.Release|x64.ActiveCfg = Release|x64
		{C91F7AB8-5B0B-4861-B8CA-AFC0D27C49EA}.Release|x64.Build.0 = Release|x64
		{C91F7AB8-5B0B-4861-B8CA-AFC0D27C49EA}.Release|x86.ActiveCfg = Release|Win32
		{C91F7AB8-5B0B-4861-B8CA-AFC0D27C49EA}.Release|x86.Build.0 = Release|Win32
		{6147D77D-3DAE-4E11-BD73-153146232D27}.Debug|x64.ActiveCfg = Debug|x64
		{6147D77D-3DAE-4E11-BD73-153146232D27}.Debug|x64.Build.0 = Debug|x64
		{6147D77D-3DAE-4E11-BD73-153146232D27}.Debug|x86.ActiveCfg = Debug|Win32
		{6147D77D-3DAE-4E11-BD73-153146232D27}.Debug|x86.Build.0 = Debug|Win32
		{6147D77D-3DAE-4E11-BD73-153146232D27}.Release|x64.ActiveCfg = Release|x64
		{6147D77D-3DAE-4E11-BD73-153146232D27}.Release|x64.Build.0 = Release|x64
		{6147D77D-3DAE-4E11-BD73-153146232D27}.Release|x86.ActiveCfg = Release|Win32
		{6147D77D-3DAE-4E11-BD73-153146232D27}.Release|x86.Build.0 = Release|Win32
	EndGlobalSection
	GlobalSection(SolutionProperties) = preSolution
		HideSolutionNode = FALSE
	EndGlobalSection
	GlobalSection(ExtensibilityGlobals) = postSolution
		SolutionGuid = {9F1F198D-8433-4FC0-A4C9-055A9DFD16D2}
	EndGlobalSection
EndGlobal
